// !$*UTF8*$!
{
	archiveVersion = 1;
	classes = {
	};
	objectVersion = 46;
	objects = {

/* Begin PBXBuildFile section */
		353F16801BC43839009E6BEF /* AppDelegate.swift in Sources */ = {isa = PBXBuildFile; fileRef = 353F167F1BC43839009E6BEF /* AppDelegate.swift */; };
		353F16821BC43839009E6BEF /* ViewController.swift in Sources */ = {isa = PBXBuildFile; fileRef = 353F16811BC43839009E6BEF /* ViewController.swift */; };
		353F16851BC43839009E6BEF /* Main.storyboard in Resources */ = {isa = PBXBuildFile; fileRef = 353F16831BC43839009E6BEF /* Main.storyboard */; };
		353F16871BC43839009E6BEF /* Assets.xcassets in Resources */ = {isa = PBXBuildFile; fileRef = 353F16861BC43839009E6BEF /* Assets.xcassets */; };
		353F168A1BC43839009E6BEF /* LaunchScreen.storyboard in Resources */ = {isa = PBXBuildFile; fileRef = 353F16881BC43839009E6BEF /* LaunchScreen.storyboard */; };
		353F16951BC43839009E6BEF /* FunFactsTests.swift in Sources */ = {isa = PBXBuildFile; fileRef = 353F16941BC43839009E6BEF /* FunFactsTests.swift */; };
		353F16A01BC43839009E6BEF /* FunFactsUITests.swift in Sources */ = {isa = PBXBuildFile; fileRef = 353F169F1BC43839009E6BEF /* FunFactsUITests.swift */; };
		353F16AE1BC438D6009E6BEF /* FactBook.swift in Sources */ = {isa = PBXBuildFile; fileRef = 353F16AD1BC438D6009E6BEF /* FactBook.swift */; settings = {ASSET_TAGS = (); }; };
		353F16B01BC4414A009E6BEF /* ColorWheel.swift in Sources */ = {isa = PBXBuildFile; fileRef = 353F16AF1BC4414A009E6BEF /* ColorWheel.swift */; settings = {ASSET_TAGS = (); }; };
/* End PBXBuildFile section */

/* Begin PBXContainerItemProxy section */
		353F16911BC43839009E6BEF /* PBXContainerItemProxy */ = {
			isa = PBXContainerItemProxy;
			containerPortal = 353F16741BC43839009E6BEF /* Project object */;
			proxyType = 1;
			remoteGlobalIDString = 353F167B1BC43839009E6BEF;
			remoteInfo = FunFacts;
		};
		353F169C1BC43839009E6BEF /* PBXContainerItemProxy */ = {
			isa = PBXContainerItemProxy;
			containerPortal = 353F16741BC43839009E6BEF /* Project object */;
			proxyType = 1;
			remoteGlobalIDString = 353F167B1BC43839009E6BEF;
			remoteInfo = FunFacts;
		};
/* End PBXContainerItemProxy section */

/* Begin PBXFileReference section */
		353F167C1BC43839009E6BEF /* FunFacts.app */ = {isa = PBXFileReference; explicitFileType = wrapper.application; includeInIndex = 0; path = FunFacts.app; sourceTree = BUILT_PRODUCTS_DIR; };
		353F167F1BC43839009E6BEF /* AppDelegate.swift */ = {isa = PBXFileReference; lastKnownFileType = sourcecode.swift; path = AppDelegate.swift; sourceTree = "<group>"; };
		353F16811BC43839009E6BEF /* ViewController.swift */ = {isa = PBXFileReference; lastKnownFileType = sourcecode.swift; path = ViewController.swift; sourceTree = "<group>"; };
		353F16841BC43839009E6BEF /* Base */ = {isa = PBXFileReference; lastKnownFileType = file.storyboard; name = Base; path = Base.lproj/Main.storyboard; sourceTree = "<group>"; };
		353F16861BC43839009E6BEF /* Assets.xcassets */ = {isa = PBXFileReference; lastKnownFileType = folder.assetcatalog; path = Assets.xcassets; sourceTree = "<group>"; };
		353F16891BC43839009E6BEF /* Base */ = {isa = PBXFileReference; lastKnownFileType = file.storyboard; name = Base; path = Base.lproj/LaunchScreen.storyboard; sourceTree = "<group>"; };
		353F168B1BC43839009E6BEF /* Info.plist */ = {isa = PBXFileReference; lastKnownFileType = text.plist.xml; path = Info.plist; sourceTree = "<group>"; };
		353F16901BC43839009E6BEF /* FunFactsTests.xctest */ = {isa = PBXFileReference; explicitFileType = wrapper.cfbundle; includeInIndex = 0; path = FunFactsTests.xctest; sourceTree = BUILT_PRODUCTS_DIR; };
		353F16941BC43839009E6BEF /* FunFactsTests.swift */ = {isa = PBXFileReference; lastKnownFileType = sourcecode.swift; path = FunFactsTests.swift; sourceTree = "<group>"; };
		353F16961BC43839009E6BEF /* Info.plist */ = {isa = PBXFileReference; lastKnownFileType = text.plist.xml; path = Info.plist; sourceTree = "<group>"; };
		353F169B1BC43839009E6BEF /* FunFactsUITests.xctest */ = {isa = PBXFileReference; explicitFileType = wrapper.cfbundle; includeInIndex = 0; path = FunFactsUITests.xctest; sourceTree = BUILT_PRODUCTS_DIR; };
		353F169F1BC43839009E6BEF /* FunFactsUITests.swift */ = {isa = PBXFileReference; lastKnownFileType = sourcecode.swift; path = FunFactsUITests.swift; sourceTree = "<group>"; };
		353F16A11BC43839009E6BEF /* Info.plist */ = {isa = PBXFileReference; lastKnownFileType = text.plist.xml; path = Info.plist; sourceTree = "<group>"; };
		353F16AD1BC438D6009E6BEF /* FactBook.swift */ = {isa = PBXFileReference; fileEncoding = 4; lastKnownFileType = sourcecode.swift; path = FactBook.swift; sourceTree = "<group>"; };
		353F16AF1BC4414A009E6BEF /* ColorWheel.swift */ = {isa = PBXFileReference; fileEncoding = 4; lastKnownFileType = sourcecode.swift; path = ColorWheel.swift; sourceTree = "<group>"; };
/* End PBXFileReference section */

/* Begin PBXFrameworksBuildPhase section */
		353F16791BC43839009E6BEF /* Frameworks */ = {
			isa = PBXFrameworksBuildPhase;
			buildActionMask = 2147483647;
			files = (
			);
			runOnlyForDeploymentPostprocessing = 0;
		};
		353F168D1BC43839009E6BEF /* Frameworks */ = {
			isa = PBXFrameworksBuildPhase;
			buildActionMask = 2147483647;
			files = (
			);
			runOnlyForDeploymentPostprocessing = 0;
		};
		353F16981BC43839009E6BEF /* Frameworks */ = {
			isa = PBXFrameworksBuildPhase;
			buildActionMask = 2147483647;
			files = (
			);
			runOnlyForDeploymentPostprocessing = 0;
		};
/* End PBXFrameworksBuildPhase section */

/* Begin PBXGroup section */
		353F16731BC43839009E6BEF = {
			isa = PBXGroup;
			children = (
				353F167E1BC43839009E6BEF /* FunFacts */,
				353F16931BC43839009E6BEF /* FunFactsTests */,
				353F169E1BC43839009E6BEF /* FunFactsUITests */,
				353F167D1BC43839009E6BEF /* Products */,
			);
			sourceTree = "<group>";
		};
		353F167D1BC43839009E6BEF /* Products */ = {
			isa = PBXGroup;
			children = (
				353F167C1BC43839009E6BEF /* FunFacts.app */,
				353F16901BC43839009E6BEF /* FunFactsTests.xctest */,
				353F169B1BC43839009E6BEF /* FunFactsUITests.xctest */,
			);
			name = Products;
			sourceTree = "<group>";
		};
		353F167E1BC43839009E6BEF /* FunFacts */ = {
			isa = PBXGroup;
			children = (
				353F167F1BC43839009E6BEF /* AppDelegate.swift */,
				353F16811BC43839009E6BEF /* ViewController.swift */,
				353F16831BC43839009E6BEF /* Main.storyboard */,
				353F16861BC43839009E6BEF /* Assets.xcassets */,
				353F16881BC43839009E6BEF /* LaunchScreen.storyboard */,
				353F168B1BC43839009E6BEF /* Info.plist */,
				353F16AD1BC438D6009E6BEF /* FactBook.swift */,
				353F16AF1BC4414A009E6BEF /* ColorWheel.swift */,
			);
			path = FunFacts;
			sourceTree = "<group>";
		};
		353F16931BC43839009E6BEF /* FunFactsTests */ = {
			isa = PBXGroup;
			children = (
				353F16941BC43839009E6BEF /* FunFactsTests.swift */,
				353F16961BC43839009E6BEF /* Info.plist */,
			);
			path = FunFactsTests;
			sourceTree = "<group>";
		};
		353F169E1BC43839009E6BEF /* FunFactsUITests */ = {
			isa = PBXGroup;
			children = (
				353F169F1BC43839009E6BEF /* FunFactsUITests.swift */,
				353F16A11BC43839009E6BEF /* Info.plist */,
			);
			path = FunFactsUITests;
			sourceTree = "<group>";
		};
/* End PBXGroup section */

/* Begin PBXNativeTarget section */
		353F167B1BC43839009E6BEF /* FunFacts */ = {
			isa = PBXNativeTarget;
			buildConfigurationList = 353F16A41BC43839009E6BEF /* Build configuration list for PBXNativeTarget "FunFacts" */;
			buildPhases = (
				353F16781BC43839009E6BEF /* Sources */,
				353F16791BC43839009E6BEF /* Frameworks */,
				353F167A1BC43839009E6BEF /* Resources */,
			);
			buildRules = (
			);
			dependencies = (
			);
			name = FunFacts;
			productName = FunFacts;
			productReference = 353F167C1BC43839009E6BEF /* FunFacts.app */;
			productType = "com.apple.product-type.application";
		};
		353F168F1BC43839009E6BEF /* FunFactsTests */ = {
			isa = PBXNativeTarget;
			buildConfigurationList = 353F16A71BC43839009E6BEF /* Build configuration list for PBXNativeTarget "FunFactsTests" */;
			buildPhases = (
				353F168C1BC43839009E6BEF /* Sources */,
				353F168D1BC43839009E6BEF /* Frameworks */,
				353F168E1BC43839009E6BEF /* Resources */,
			);
			buildRules = (
			);
			dependencies = (
				353F16921BC43839009E6BEF /* PBXTargetDependency */,
			);
			name = FunFactsTests;
			productName = FunFactsTests;
			productReference = 353F16901BC43839009E6BEF /* FunFactsTests.xctest */;
			productType = "com.apple.product-type.bundle.unit-test";
		};
		353F169A1BC43839009E6BEF /* FunFactsUITests */ = {
			isa = PBXNativeTarget;
			buildConfigurationList = 353F16AA1BC43839009E6BEF /* Build configuration list for PBXNativeTarget "FunFactsUITests" */;
			buildPhases = (
				353F16971BC43839009E6BEF /* Sources */,
				353F16981BC43839009E6BEF /* Frameworks */,
				353F16991BC43839009E6BEF /* Resources */,
			);
			buildRules = (
			);
			dependencies = (
				353F169D1BC43839009E6BEF /* PBXTargetDependency */,
			);
			name = FunFactsUITests;
			productName = FunFactsUITests;
			productReference = 353F169B1BC43839009E6BEF /* FunFactsUITests.xctest */;
			productType = "com.apple.product-type.bundle.ui-testing";
		};
/* End PBXNativeTarget section */

/* Begin PBXProject section */
		353F16741BC43839009E6BEF /* Project object */ = {
			isa = PBXProject;
			attributes = {
				LastUpgradeCheck = 0700;
				ORGANIZATIONNAME = metricstream;
				TargetAttributes = {
					353F167B1BC43839009E6BEF = {
						CreatedOnToolsVersion = 7.0.1;
					};
					353F168F1BC43839009E6BEF = {
						CreatedOnToolsVersion = 7.0.1;
						TestTargetID = 353F167B1BC43839009E6BEF;
					};
					353F169A1BC43839009E6BEF = {
						CreatedOnToolsVersion = 7.0.1;
						TestTargetID = 353F167B1BC43839009E6BEF;
					};
				};
			};
			buildConfigurationList = 353F16771BC43839009E6BEF /* Build configuration list for PBXProject "FunFacts" */;
			compatibilityVersion = "Xcode 3.2";
			developmentRegion = English;
			hasScannedForEncodings = 0;
			knownRegions = (
				en,
				Base,
			);
			mainGroup = 353F16731BC43839009E6BEF;
			productRefGroup = 353F167D1BC43839009E6BEF /* Products */;
			projectDirPath = "";
			projectRoot = "";
			targets = (
				353F167B1BC43839009E6BEF /* FunFacts */,
				353F168F1BC43839009E6BEF /* FunFactsTests */,
				353F169A1BC43839009E6BEF /* FunFactsUITests */,
			);
		};
/* End PBXProject section */

/* Begin PBXResourcesBuildPhase section */
		353F167A1BC43839009E6BEF /* Resources */ = {
			isa = PBXResourcesBuildPhase;
			buildActionMask = 2147483647;
			files = (
				353F168A1BC43839009E6BEF /* LaunchScreen.storyboard in Resources */,
				353F16871BC43839009E6BEF /* Assets.xcassets in Resources */,
				353F16851BC43839009E6BEF /* Main.storyboard in Resources */,
			);
			runOnlyForDeploymentPostprocessing = 0;
		};
		353F168E1BC43839009E6BEF /* Resources */ = {
			isa = PBXResourcesBuildPhase;
			buildActionMask = 2147483647;
			files = (
			);
			runOnlyForDeploymentPostprocessing = 0;
		};
		353F16991BC43839009E6BEF /* Resources */ = {
			isa = PBXResourcesBuildPhase;
			buildActionMask = 2147483647;
			files = (
			);
			runOnlyForDeploymentPostprocessing = 0;
		};
/* End PBXResourcesBuildPhase section */

/* Begin PBXSourcesBuildPhase section */
		353F16781BC43839009E6BEF /* Sources */ = {
			isa = PBXSourcesBuildPhase;
			buildActionMask = 2147483647;
			files = (
				353F16AE1BC438D6009E6BEF /* FactBook.swift in Sources */,
				353F16821BC43839009E6BEF /* ViewController.swift in Sources */,
				353F16801BC43839009E6BEF /* AppDelegate.swift in Sources */,
				353F16B01BC4414A009E6BEF /* ColorWheel.swift in Sources */,
			);
			runOnlyForDeploymentPostprocessing = 0;
		};
		353F168C1BC43839009E6BEF /* Sources */ = {
			isa = PBXSourcesBuildPhase;
			buildActionMask = 2147483647;
			files = (
				353F16951BC43839009E6BEF /* FunFactsTests.swift in Sources */,
			);
			runOnlyForDeploymentPostprocessing = 0;
		};
		353F16971BC43839009E6BEF /* Sources */ = {
			isa = PBXSourcesBuildPhase;
			buildActionMask = 2147483647;
			files = (
				353F16A01BC43839009E6BEF /* FunFactsUITests.swift in Sources */,
			);
			runOnlyForDeploymentPostprocessing = 0;
		};
/* End PBXSourcesBuildPhase section */

/* Begin PBXTargetDependency section */
		353F16921BC43839009E6BEF /* PBXTargetDependency */ = {
			isa = PBXTargetDependency;
			target = 353F167B1BC43839009E6BEF /* FunFacts */;
			targetProxy = 353F16911BC43839009E6BEF /* PBXContainerItemProxy */;
		};
		353F169D1BC43839009E6BEF /* PBXTargetDependency */ = {
			isa = PBXTargetDependency;
			target = 353F167B1BC43839009E6BEF /* FunFacts */;
			targetProxy = 353F169C1BC43839009E6BEF /* PBXContainerItemProxy */;
		};
/* End PBXTargetDependency section */

/* Begin PBXVariantGroup section */
		353F16831BC43839009E6BEF /* Main.storyboard */ = {
			isa = PBXVariantGroup;
			children = (
				353F16841BC43839009E6BEF /* Base */,
			);
			name = Main.storyboard;
			sourceTree = "<group>";
		};
		353F16881BC43839009E6BEF /* LaunchScreen.storyboard */ = {
			isa = PBXVariantGroup;
			children = (
				353F16891BC43839009E6BEF /* Base */,
			);
			name = LaunchScreen.storyboard;
			sourceTree = "<group>";
		};
/* End PBXVariantGroup section */

/* Begin XCBuildConfiguration section */
		353F16A21BC43839009E6BEF /* Debug */ = {
			isa = XCBuildConfiguration;
			buildSettings = {
				ALWAYS_SEARCH_USER_PATHS = NO;
				CLANG_CXX_LANGUAGE_STANDARD = "gnu++0x";
				CLANG_CXX_LIBRARY = "libc++";
				CLANG_ENABLE_MODULES = YES;
				CLANG_ENABLE_OBJC_ARC = YES;
				CLANG_WARN_BOOL_CONVERSION = YES;
				CLANG_WARN_CONSTANT_CONVERSION = YES;
				CLANG_WARN_DIRECT_OBJC_ISA_USAGE = YES_ERROR;
				CLANG_WARN_EMPTY_BODY = YES;
				CLANG_WARN_ENUM_CONVERSION = YES;
				CLANG_WARN_INT_CONVERSION = YES;
				CLANG_WARN_OBJC_ROOT_CLASS = YES_ERROR;
				CLANG_WARN_UNREACHABLE_CODE = YES;
				CLANG_WARN__DUPLICATE_METHOD_MATCH = YES;
				"CODE_SIGN_IDENTITY[sdk=iphoneos*]" = "iPhone Developer";
				COPY_PHASE_STRIP = NO;
				DEBUG_INFORMATION_FORMAT = dwarf;
				ENABLE_STRICT_OBJC_MSGSEND = YES;
				ENABLE_TESTABILITY = YES;
				GCC_C_LANGUAGE_STANDARD = gnu99;
				GCC_DYNAMIC_NO_PIC = NO;
				GCC_NO_COMMON_BLOCKS = YES;
				GCC_OPTIMIZATION_LEVEL = 0;
				GCC_PREPROCESSOR_DEFINITIONS = (
					"DEBUG=1",
					"$(inherited)",
				);
				GCC_WARN_64_TO_32_BIT_CONVERSION = YES;
				GCC_WARN_ABOUT_RETURN_TYPE = YES_ERROR;
				GCC_WARN_UNDECLARED_SELECTOR = YES;
				GCC_WARN_UNINITIALIZED_AUTOS = YES_AGGRESSIVE;
				GCC_WARN_UNUSED_FUNCTION = YES;
				GCC_WARN_UNUSED_VARIABLE = YES;
				IPHONEOS_DEPLOYMENT_TARGET = 9.0;
				MTL_ENABLE_DEBUG_INFO = YES;
				ONLY_ACTIVE_ARCH = YES;
				SDKROOT = iphoneos;
				SWIFT_OPTIMIZATION_LEVEL = "-Onone";
				TARGETED_DEVICE_FAMILY = "1,2";
			};
			name = Debug;
		};
		353F16A31BC43839009E6BEF /* Release */ = {
			isa = XCBuildConfiguration;
			buildSettings = {
				ALWAYS_SEARCH_USER_PATHS = NO;
				CLANG_CXX_LANGUAGE_STANDARD = "gnu++0x";
				CLANG_CXX_LIBRARY = "libc++";
				CLANG_ENABLE_MODULES = YES;
				CLANG_ENABLE_OBJC_ARC = YES;
				CLANG_WARN_BOOL_CONVERSION = YES;
				CLANG_WARN_CONSTANT_CONVERSION = YES;
				CLANG_WARN_DIRECT_OBJC_ISA_USAGE = YES_ERROR;
				CLANG_WARN_EMPTY_BODY = YES;
				CLANG_WARN_ENUM_CONVERSION = YES;
				CLANG_WARN_INT_CONVERSION = YES;
				CLANG_WARN_OBJC_ROOT_CLASS = YES_ERROR;
				CLANG_WARN_UNREACHABLE_CODE = YES;
				CLANG_WARN__DUPLICATE_METHOD_MATCH = YES;
				"CODE_SIGN_IDENTITY[sdk=iphoneos*]" = "iPhone Developer";
				COPY_PHASE_STRIP = NO;
				DEBUG_INFORMATION_FORMAT = "dwarf-with-dsym";
				ENABLE_NS_ASSERTIONS = NO;
				ENABLE_STRICT_OBJC_MSGSEND = YES;
				GCC_C_LANGUAGE_STANDARD = gnu99;
				GCC_NO_COMMON_BLOCKS = YES;
				GCC_WARN_64_TO_32_BIT_CONVERSION = YES;
				GCC_WARN_ABOUT_RETURN_TYPE = YES_ERROR;
				GCC_WARN_UNDECLARED_SELECTOR = YES;
				GCC_WARN_UNINITIALIZED_AUTOS = YES_AGGRESSIVE;
				GCC_WARN_UNUSED_FUNCTION = YES;
				GCC_WARN_UNUSED_VARIABLE = YES;
				IPHONEOS_DEPLOYMENT_TARGET = 9.0;
				MTL_ENABLE_DEBUG_INFO = NO;
				SDKROOT = iphoneos;
				TARGETED_DEVICE_FAMILY = "1,2";
				VALIDATE_PRODUCT = YES;
			};
			name = Release;
		};
		353F16A51BC43839009E6BEF /* Debug */ = {
			isa = XCBuildConfiguration;
			buildSettings = {
				ASSETCATALOG_COMPILER_APPICON_NAME = AppIcon;
				INFOPLIST_FILE = FunFacts/Info.plist;
				LD_RUNPATH_SEARCH_PATHS = "$(inherited) @executable_path/Frameworks";
				PRODUCT_BUNDLE_IDENTIFIER = com.metricstream.FunFacts;
				PRODUCT_NAME = "$(TARGET_NAME)";
			};
			name = Debug;
		};
		353F16A61BC43839009E6BEF /* Release */ = {
			isa = XCBuildConfiguration;
			buildSettings = {
				ASSETCATALOG_COMPILER_APPICON_NAME = AppIcon;
				INFOPLIST_FILE = FunFacts/Info.plist;
				LD_RUNPATH_SEARCH_PATHS = "$(inherited) @executable_path/Frameworks";
				PRODUCT_BUNDLE_IDENTIFIER = com.metricstream.FunFacts;
				PRODUCT_NAME = "$(TARGET_NAME)";
			};
			name = Release;
		};
		353F16A81BC43839009E6BEF /* Debug */ = {
			isa = XCBuildConfiguration;
			buildSettings = {
				BUNDLE_LOADER = "$(TEST_HOST)";
				INFOPLIST_FILE = FunFactsTests/Info.plist;
				LD_RUNPATH_SEARCH_PATHS = "$(inherited) @executable_path/Frameworks @loader_path/Frameworks";
				PRODUCT_BUNDLE_IDENTIFIER = com.metricstream.FunFactsTests;
				PRODUCT_NAME = "$(TARGET_NAME)";
				TEST_HOST = "$(BUILT_PRODUCTS_DIR)/FunFacts.app/FunFacts";
			};
			name = Debug;
		};
		353F16A91BC43839009E6BEF /* Release */ = {
			isa = XCBuildConfiguration;
			buildSettings = {
				BUNDLE_LOADER = "$(TEST_HOST)";
				INFOPLIST_FILE = FunFactsTests/Info.plist;
				LD_RUNPATH_SEARCH_PATHS = "$(inherited) @executable_path/Frameworks @loader_path/Frameworks";
				PRODUCT_BUNDLE_IDENTIFIER = com.metricstream.FunFactsTests;
				PRODUCT_NAME = "$(TARGET_NAME)";
				TEST_HOST = "$(BUILT_PRODUCTS_DIR)/FunFacts.app/FunFacts";
			};
			name = Release;
		};
		353F16AB1BC43839009E6BEF /* Debug */ = {
			isa = XCBuildConfiguration;
			buildSettings = {
				INFOPLIST_FILE = FunFactsUITests/Info.plist;
				LD_RUNPATH_SEARCH_PATHS = "$(inherited) @executable_path/Frameworks @loader_path/Frameworks";
				PRODUCT_BUNDLE_IDENTIFIER = com.metricstream.FunFactsUITests;
				PRODUCT_NAME = "$(TARGET_NAME)";
				TEST_TARGET_NAME = FunFacts;
				USES_XCTRUNNER = YES;
			};
			name = Debug;
		};
		353F16AC1BC43839009E6BEF /* Release */ = {
			isa = XCBuildConfiguration;
			buildSettings = {
				INFOPLIST_FILE = FunFactsUITests/Info.plist;
				LD_RUNPATH_SEARCH_PATHS = "$(inherited) @executable_path/Frameworks @loader_path/Frameworks";
				PRODUCT_BUNDLE_IDENTIFIER = com.metricstream.FunFactsUITests;
				PRODUCT_NAME = "$(TARGET_NAME)";
				TEST_TARGET_NAME = FunFacts;
				USES_XCTRUNNER = YES;
			};
			name = Release;
		};
/* End XCBuildConfiguration section */

/* Begin XCConfigurationList section */
		353F16771BC43839009E6BEF /* Build configuration list for PBXProject "FunFacts" */ = {
			isa = XCConfigurationList;
			buildConfigurations = (
				353F16A21BC43839009E6BEF /* Debug */,
				353F16A31BC43839009E6BEF /* Release */,
			);
			defaultConfigurationIsVisible = 0;
			defaultConfigurationName = Release;
		};
		353F16A41BC43839009E6BEF /* Build configuration list for PBXNativeTarget "FunFacts" */ = {
			isa = XCConfigurationList;
			buildConfigurations = (
				353F16A51BC43839009E6BEF /* Debug */,
				353F16A61BC43839009E6BEF /* Release */,
			);
			defaultConfigurationIsVisible = 0;
		};
		353F16A71BC43839009E6BEF /* Build configuration list for PBXNativeTarget "FunFactsTests" */ = {
			isa = XCConfigurationList;
			buildConfigurations = (
				353F16A81BC43839009E6BEF /* Debug */,
				353F16A91BC43839009E6BEF /* Release */,
			);
			defaultConfigurationIsVisible = 0;
		};
		353F16AA1BC43839009E6BEF /* Build configuration list for PBXNativeTarget "FunFactsUITests" */ = {
			isa = XCConfigurationList;
			buildConfigurations = (
				353F16AB1BC43839009E6BEF /* Debug */,
				353F16AC1BC43839009E6BEF /* Release */,
			);
			defaultConfigurationIsVisible = 0;
		};
/* End XCConfigurationList section */
	};
	rootObject = 353F16741BC43839009E6BEF /* Project object */;
}
